
Microsoft Visual Studio Solution File, Format Version 12.00
# Visual Studio Version 17
VisualStudioVersion = 17.4.33205.214
MinimumVisualStudioVersion = 10.0.40219.1
Project("{FAE04EC0-301F-11D3-BF4B-00C04F79EFBC}") = "WebAppDemo", "WebAppDemo.csproj", "{A91FBD3A-DE97-48A9-9FCD-61E550B79846}"
EndProject
Global
	GlobalSection(SolutionConfigurationPlatforms) = preSolution
		Debug|Any CPU = Debug|Any CPU
		Release|Any CPU = Release|Any CPU
	EndGlobalSection
	GlobalSection(ProjectConfigurationPlatforms) = postSolution
		{A91FBD3A-DE97-48A9-9FCD-61E550B79846}.Debug|Any CPU.ActiveCfg = Debug|Any CPU
		{A91FBD3A-DE97-48A9-9FCD-61E550B79846}.Debug|Any CPU.Build.0 = Debug|Any CPU
		{A91FBD3A-DE97-48A9-9FCD-61E550B79846}.Release|Any CPU.ActiveCfg = Release|Any CPU
		{A91FBD3A-DE97-48A9-9FCD-61E550B79846}.Release|Any CPU.Build.0 = Release|Any CPU
	EndGlobalSection
	GlobalSection(SolutionProperties) = preSolution
		HideSolutionNode = FALSE
	EndGlobalSection
	GlobalSection(ExtensibilityGlobals) = postSolution
		SolutionGuid = {BBA6A2ED-B935-4318-9BF1-C537EE5D32E0}
	EndGlobalSection
EndGlobal
