
Microsoft Visual Studio Solution File, Format Version 12.00
# Visual Studio Version 17
VisualStudioVersion = 17.4.33205.214
MinimumVisualStudioVersion = 10.0.40219.1
Project("{FAE04EC0-301F-11D3-BF4B-00C04F79EFBC}") = "ProgrammingPractice_ValueTypesAndReferenceTypes", "ProgrammingPractice_ValueTypesAndReferenceTypes.csproj", "{A267CDAF-9BF1-49BE-BB74-ACB4495F58BF}"
EndProject
Global
	GlobalSection(SolutionConfigurationPlatforms) = preSolution
		Debug|Any CPU = Debug|Any CPU
		Release|Any CPU = Release|Any CPU
	EndGlobalSection
	GlobalSection(ProjectConfigurationPlatforms) = postSolution
		{A267CDAF-9BF1-49BE-BB74-ACB4495F58BF}.Debug|Any CPU.ActiveCfg = Debug|Any CPU
		{A267CDAF-9BF1-49BE-BB74-ACB4495F58BF}.Debug|Any CPU.Build.0 = Debug|Any CPU
		{A267CDAF-9BF1-49BE-BB74-ACB4495F58BF}.Release|Any CPU.ActiveCfg = Release|Any CPU
		{A267CDAF-9BF1-49BE-BB74-ACB4495F58BF}.Release|Any CPU.Build.0 = Release|Any CPU
	EndGlobalSection
	GlobalSection(SolutionProperties) = preSolution
		HideSolutionNode = FALSE
	EndGlobalSection
	GlobalSection(ExtensibilityGlobals) = postSolution
		SolutionGuid = {ACF8D229-B523-47F9-83C7-51F16D23425A}
	EndGlobalSection
EndGlobal
