
Microsoft Visual Studio Solution File, Format Version 12.00
# Visual Studio Version 17
VisualStudioVersion = 17.4.33205.214
MinimumVisualStudioVersion = 10.0.40219.1
Project("{54A90642-561A-4BB1-A94E-469ADEE60C69}") = "programmingpractice_jsx_and_react", "ProgrammingPractice_JSX_And_React\programmingpractice_jsx_and_react.esproj", "{78B37387-224D-4BC5-807F-451FF2CDB67F}"
EndProject
Global
	GlobalSection(SolutionConfigurationPlatforms) = preSolution
		Debug|Any CPU = Debug|Any CPU
		Release|Any CPU = Release|Any CPU
	EndGlobalSection
	GlobalSection(ProjectConfigurationPlatforms) = postSolution
		{78B37387-224D-4BC5-807F-451FF2CDB67F}.Debug|Any CPU.ActiveCfg = Debug|Any CPU
		{78B37387-224D-4BC5-807F-451FF2CDB67F}.Debug|Any CPU.Build.0 = Debug|Any CPU
		{78B37387-224D-4BC5-807F-451FF2CDB67F}.Debug|Any CPU.Deploy.0 = Debug|Any CPU
		{78B37387-224D-4BC5-807F-451FF2CDB67F}.Release|Any CPU.ActiveCfg = Release|Any CPU
		{78B37387-224D-4BC5-807F-451FF2CDB67F}.Release|Any CPU.Build.0 = Release|Any CPU
		{78B37387-224D-4BC5-807F-451FF2CDB67F}.Release|Any CPU.Deploy.0 = Release|Any CPU
	EndGlobalSection
	GlobalSection(SolutionProperties) = preSolution
		HideSolutionNode = FALSE
	EndGlobalSection
	GlobalSection(ExtensibilityGlobals) = postSolution
		SolutionGuid = {63F6D9BE-ECE2-428B-BDFD-C6F368285DAB}
	EndGlobalSection
EndGlobal
