
Microsoft Visual Studio Solution File, Format Version 12.00
# Visual Studio Version 17
VisualStudioVersion = 17.5.33424.131
MinimumVisualStudioVersion = 10.0.40219.1
Project("{FAE04EC0-301F-11D3-BF4B-00C04F79EFBC}") = "Bank", "Bank.csproj", "{E92B3F39-9F74-4689-86FE-A17A94B59288}"
EndProject
Project("{FAE04EC0-301F-11D3-BF4B-00C04F79EFBC}") = "BankTests", "..\BankTests\BankTests.csproj", "{64340537-4BFD-428F-B0D8-9E5DE22E3F73}"
EndProject
Global
	GlobalSection(SolutionConfigurationPlatforms) = preSolution
		Debug|Any CPU = Debug|Any CPU
		Release|Any CPU = Release|Any CPU
	EndGlobalSection
	GlobalSection(ProjectConfigurationPlatforms) = postSolution
		{E92B3F39-9F74-4689-86FE-A17A94B59288}.Debug|Any CPU.ActiveCfg = Debug|Any CPU
		{E92B3F39-9F74-4689-86FE-A17A94B59288}.Debug|Any CPU.Build.0 = Debug|Any CPU
		{E92B3F39-9F74-4689-86FE-A17A94B59288}.Release|Any CPU.ActiveCfg = Release|Any CPU
		{E92B3F39-9F74-4689-86FE-A17A94B59288}.Release|Any CPU.Build.0 = Release|Any CPU
		{64340537-4BFD-428F-B0D8-9E5DE22E3F73}.Debug|Any CPU.ActiveCfg = Debug|Any CPU
		{64340537-4BFD-428F-B0D8-9E5DE22E3F73}.Debug|Any CPU.Build.0 = Debug|Any CPU
		{64340537-4BFD-428F-B0D8-9E5DE22E3F73}.Release|Any CPU.ActiveCfg = Release|Any CPU
		{64340537-4BFD-428F-B0D8-9E5DE22E3F73}.Release|Any CPU.Build.0 = Release|Any CPU
	EndGlobalSection
	GlobalSection(SolutionProperties) = preSolution
		HideSolutionNode = FALSE
	EndGlobalSection
	GlobalSection(ExtensibilityGlobals) = postSolution
		SolutionGuid = {2F1FBA64-468F-4A5E-BB21-0BD7EFEA08F8}
	EndGlobalSection
EndGlobal
