
Microsoft Visual Studio Solution File, Format Version 12.00
# Visual Studio Version 17
VisualStudioVersion = 17.4.33122.133
MinimumVisualStudioVersion = 10.0.40219.1
Project("{FAE04EC0-301F-11D3-BF4B-00C04F79EFBC}") = "CharacterCodes", "CharacterCodes\CharacterCodes.csproj", "{B62A7B7F-9DA2-443F-9DCC-085706CA89B5}"
EndProject
Global
	GlobalSection(SolutionConfigurationPlatforms) = preSolution
		Debug|Any CPU = Debug|Any CPU
		Release|Any CPU = Release|Any CPU
	EndGlobalSection
	GlobalSection(ProjectConfigurationPlatforms) = postSolution
		{B62A7B7F-9DA2-443F-9DCC-085706CA89B5}.Debug|Any CPU.ActiveCfg = Debug|Any CPU
		{B62A7B7F-9DA2-443F-9DCC-085706CA89B5}.Debug|Any CPU.Build.0 = Debug|Any CPU
		{B62A7B7F-9DA2-443F-9DCC-085706CA89B5}.Release|Any CPU.ActiveCfg = Release|Any CPU
		{B62A7B7F-9DA2-443F-9DCC-085706CA89B5}.Release|Any CPU.Build.0 = Release|Any CPU
	EndGlobalSection
	GlobalSection(SolutionProperties) = preSolution
		HideSolutionNode = FALSE
	EndGlobalSection
	GlobalSection(ExtensibilityGlobals) = postSolution
		SolutionGuid = {F7D65964-4E3D-4B59-BFE1-D7D91AE12772}
	EndGlobalSection
EndGlobal
