
Microsoft Visual Studio Solution File, Format Version 12.00
# Visual Studio Version 17
VisualStudioVersion = 17.4.33205.214
MinimumVisualStudioVersion = 10.0.40219.1
Project("{FAE04EC0-301F-11D3-BF4B-00C04F79EFBC}") = "LinqToSqlMVCApp", "LinqToSqlMVCApp.csproj", "{333CE8A0-6E83-458D-8882-2CC4AFC55F33}"
EndProject
Global
	GlobalSection(SolutionConfigurationPlatforms) = preSolution
		Debug|Any CPU = Debug|Any CPU
		Release|Any CPU = Release|Any CPU
	EndGlobalSection
	GlobalSection(ProjectConfigurationPlatforms) = postSolution
		{333CE8A0-6E83-458D-8882-2CC4AFC55F33}.Debug|Any CPU.ActiveCfg = Debug|Any CPU
		{333CE8A0-6E83-458D-8882-2CC4AFC55F33}.Debug|Any CPU.Build.0 = Debug|Any CPU
		{333CE8A0-6E83-458D-8882-2CC4AFC55F33}.Release|Any CPU.ActiveCfg = Release|Any CPU
		{333CE8A0-6E83-458D-8882-2CC4AFC55F33}.Release|Any CPU.Build.0 = Release|Any CPU
	EndGlobalSection
	GlobalSection(SolutionProperties) = preSolution
		HideSolutionNode = FALSE
	EndGlobalSection
	GlobalSection(ExtensibilityGlobals) = postSolution
		SolutionGuid = {48D7EAFA-D850-40F0-B7D9-FA156C7854E3}
	EndGlobalSection
EndGlobal
