
Microsoft Visual Studio Solution File, Format Version 12.00
# Visual Studio Version 17
VisualStudioVersion = 17.4.33205.214
MinimumVisualStudioVersion = 10.0.40219.1
Project("{FAE04EC0-301F-11D3-BF4B-00C04F79EFBC}") = "TodoApi", "TodoApi.csproj", "{C958C232-369D-4DF1-B8E1-20FCFB8AAD46}"
EndProject
Global
	GlobalSection(SolutionConfigurationPlatforms) = preSolution
		Debug|Any CPU = Debug|Any CPU
		Release|Any CPU = Release|Any CPU
	EndGlobalSection
	GlobalSection(ProjectConfigurationPlatforms) = postSolution
		{C958C232-369D-4DF1-B8E1-20FCFB8AAD46}.Debug|Any CPU.ActiveCfg = Debug|Any CPU
		{C958C232-369D-4DF1-B8E1-20FCFB8AAD46}.Debug|Any CPU.Build.0 = Debug|Any CPU
		{C958C232-369D-4DF1-B8E1-20FCFB8AAD46}.Release|Any CPU.ActiveCfg = Release|Any CPU
		{C958C232-369D-4DF1-B8E1-20FCFB8AAD46}.Release|Any CPU.Build.0 = Release|Any CPU
	EndGlobalSection
	GlobalSection(SolutionProperties) = preSolution
		HideSolutionNode = FALSE
	EndGlobalSection
	GlobalSection(ExtensibilityGlobals) = postSolution
		SolutionGuid = {601D89D6-8470-445F-A512-4D6AF2E8CDC7}
	EndGlobalSection
EndGlobal
