
Microsoft Visual Studio Solution File, Format Version 12.00
# Visual Studio Version 17
VisualStudioVersion = 17.4.33205.214
MinimumVisualStudioVersion = 10.0.40219.1
Project("{FAE04EC0-301F-11D3-BF4B-00C04F79EFBC}") = "EntityFrameworkDemoWeb", "EntityFrameworkDemoWeb.csproj", "{A88FD59A-EAEF-4BF7-AF26-9CE93D8511BD}"
EndProject
Global
	GlobalSection(SolutionConfigurationPlatforms) = preSolution
		Debug|Any CPU = Debug|Any CPU
		Release|Any CPU = Release|Any CPU
	EndGlobalSection
	GlobalSection(ProjectConfigurationPlatforms) = postSolution
		{A88FD59A-EAEF-4BF7-AF26-9CE93D8511BD}.Debug|Any CPU.ActiveCfg = Debug|Any CPU
		{A88FD59A-EAEF-4BF7-AF26-9CE93D8511BD}.Debug|Any CPU.Build.0 = Debug|Any CPU
		{A88FD59A-EAEF-4BF7-AF26-9CE93D8511BD}.Release|Any CPU.ActiveCfg = Release|Any CPU
		{A88FD59A-EAEF-4BF7-AF26-9CE93D8511BD}.Release|Any CPU.Build.0 = Release|Any CPU
	EndGlobalSection
	GlobalSection(SolutionProperties) = preSolution
		HideSolutionNode = FALSE
	EndGlobalSection
	GlobalSection(ExtensibilityGlobals) = postSolution
		SolutionGuid = {4CB990E5-8DAE-4C8F-A304-36CB992D0791}
	EndGlobalSection
EndGlobal
