
Microsoft Visual Studio Solution File, Format Version 12.00
# Visual Studio Version 17
VisualStudioVersion = 17.4.33205.214
MinimumVisualStudioVersion = 10.0.40219.1
Project("{FAE04EC0-301F-11D3-BF4B-00C04F79EFBC}") = "PracticeWebAppSQL", "PracticeWebAppSQL.csproj", "{B568F4A4-106A-49DA-BAAD-40EB33D91EE2}"
EndProject
Global
	GlobalSection(SolutionConfigurationPlatforms) = preSolution
		Debug|Any CPU = Debug|Any CPU
		Release|Any CPU = Release|Any CPU
	EndGlobalSection
	GlobalSection(ProjectConfigurationPlatforms) = postSolution
		{B568F4A4-106A-49DA-BAAD-40EB33D91EE2}.Debug|Any CPU.ActiveCfg = Debug|Any CPU
		{B568F4A4-106A-49DA-BAAD-40EB33D91EE2}.Debug|Any CPU.Build.0 = Debug|Any CPU
		{B568F4A4-106A-49DA-BAAD-40EB33D91EE2}.Release|Any CPU.ActiveCfg = Release|Any CPU
		{B568F4A4-106A-49DA-BAAD-40EB33D91EE2}.Release|Any CPU.Build.0 = Release|Any CPU
	EndGlobalSection
	GlobalSection(SolutionProperties) = preSolution
		HideSolutionNode = FALSE
	EndGlobalSection
	GlobalSection(ExtensibilityGlobals) = postSolution
		SolutionGuid = {3F3F6293-71D7-4A3C-8525-4ECF4B9C0C52}
	EndGlobalSection
EndGlobal
