
Microsoft Visual Studio Solution File, Format Version 12.00
# Visual Studio Version 17
VisualStudioVersion = 17.4.33205.214
MinimumVisualStudioVersion = 10.0.40219.1
Project("{FAE04EC0-301F-11D3-BF4B-00C04F79EFBC}") = "ProgrammingPractice_InheritanceAndStaticMethods", "ProgrammingPractice_InheritanceAndStaticMethods.csproj", "{99342900-1DEA-40BD-8773-2E7E7BB3EA66}"
EndProject
Global
	GlobalSection(SolutionConfigurationPlatforms) = preSolution
		Debug|Any CPU = Debug|Any CPU
		Release|Any CPU = Release|Any CPU
	EndGlobalSection
	GlobalSection(ProjectConfigurationPlatforms) = postSolution
		{99342900-1DEA-40BD-8773-2E7E7BB3EA66}.Debug|Any CPU.ActiveCfg = Debug|Any CPU
		{99342900-1DEA-40BD-8773-2E7E7BB3EA66}.Debug|Any CPU.Build.0 = Debug|Any CPU
		{99342900-1DEA-40BD-8773-2E7E7BB3EA66}.Release|Any CPU.ActiveCfg = Release|Any CPU
		{99342900-1DEA-40BD-8773-2E7E7BB3EA66}.Release|Any CPU.Build.0 = Release|Any CPU
	EndGlobalSection
	GlobalSection(SolutionProperties) = preSolution
		HideSolutionNode = FALSE
	EndGlobalSection
	GlobalSection(ExtensibilityGlobals) = postSolution
		SolutionGuid = {B34E8BAE-EC41-4124-9103-D017FBE63D66}
	EndGlobalSection
EndGlobal
