
Microsoft Visual Studio Solution File, Format Version 12.00
# Visual Studio Version 17
VisualStudioVersion = 17.4.33205.214
MinimumVisualStudioVersion = 10.0.40219.1
Project("{FAE04EC0-301F-11D3-BF4B-00C04F79EFBC}") = "WebAppWithAzureSQLDB", "WebAppWithAzureSQLDB.csproj", "{2E1DDF75-DA11-40E1-AE30-E74AEB6A1467}"
EndProject
Global
	GlobalSection(SolutionConfigurationPlatforms) = preSolution
		Debug|Any CPU = Debug|Any CPU
		Release|Any CPU = Release|Any CPU
	EndGlobalSection
	GlobalSection(ProjectConfigurationPlatforms) = postSolution
		{2E1DDF75-DA11-40E1-AE30-E74AEB6A1467}.Debug|Any CPU.ActiveCfg = Debug|Any CPU
		{2E1DDF75-DA11-40E1-AE30-E74AEB6A1467}.Debug|Any CPU.Build.0 = Debug|Any CPU
		{2E1DDF75-DA11-40E1-AE30-E74AEB6A1467}.Release|Any CPU.ActiveCfg = Release|Any CPU
		{2E1DDF75-DA11-40E1-AE30-E74AEB6A1467}.Release|Any CPU.Build.0 = Release|Any CPU
	EndGlobalSection
	GlobalSection(SolutionProperties) = preSolution
		HideSolutionNode = FALSE
	EndGlobalSection
	GlobalSection(ExtensibilityGlobals) = postSolution
		SolutionGuid = {161037D0-FC68-4FF4-8E4C-C0A1E52BAB48}
	EndGlobalSection
EndGlobal
