
Microsoft Visual Studio Solution File, Format Version 12.00
# Visual Studio Version 17
VisualStudioVersion = 17.4.33205.214
MinimumVisualStudioVersion = 10.0.40219.1
Project("{FAE04EC0-301F-11D3-BF4B-00C04F79EFBC}") = "FrameworkWebApplication1", "FrameworkWebApplication1.csproj", "{5E85E06F-78E5-4453-9509-B25A70E10584}"
EndProject
Global
	GlobalSection(SolutionConfigurationPlatforms) = preSolution
		Debug|Any CPU = Debug|Any CPU
		Release|Any CPU = Release|Any CPU
	EndGlobalSection
	GlobalSection(ProjectConfigurationPlatforms) = postSolution
		{5E85E06F-78E5-4453-9509-B25A70E10584}.Debug|Any CPU.ActiveCfg = Debug|Any CPU
		{5E85E06F-78E5-4453-9509-B25A70E10584}.Debug|Any CPU.Build.0 = Debug|Any CPU
		{5E85E06F-78E5-4453-9509-B25A70E10584}.Release|Any CPU.ActiveCfg = Release|Any CPU
		{5E85E06F-78E5-4453-9509-B25A70E10584}.Release|Any CPU.Build.0 = Release|Any CPU
	EndGlobalSection
	GlobalSection(SolutionProperties) = preSolution
		HideSolutionNode = FALSE
	EndGlobalSection
	GlobalSection(ExtensibilityGlobals) = postSolution
		SolutionGuid = {1058ABB2-8C4C-4B55-9F78-5FB052D9819F}
	EndGlobalSection
EndGlobal
