
Microsoft Visual Studio Solution File, Format Version 12.00
# Visual Studio Version 17
VisualStudioVersion = 17.4.33122.133
MinimumVisualStudioVersion = 10.0.40219.1
Project("{FAE04EC0-301F-11D3-BF4B-00C04F79EFBC}") = "Arrays2_BecauseVSDoesn'tWork", "Arrays2_BecauseVSDoesn'tWork\Arrays2_BecauseVSDoesn'tWork.csproj", "{216F56E9-C18B-4F56-BED4-DA8C747805FF}"
EndProject
Global
	GlobalSection(SolutionConfigurationPlatforms) = preSolution
		Debug|Any CPU = Debug|Any CPU
		Release|Any CPU = Release|Any CPU
	EndGlobalSection
	GlobalSection(ProjectConfigurationPlatforms) = postSolution
		{216F56E9-C18B-4F56-BED4-DA8C747805FF}.Debug|Any CPU.ActiveCfg = Debug|Any CPU
		{216F56E9-C18B-4F56-BED4-DA8C747805FF}.Debug|Any CPU.Build.0 = Debug|Any CPU
		{216F56E9-C18B-4F56-BED4-DA8C747805FF}.Release|Any CPU.ActiveCfg = Release|Any CPU
		{216F56E9-C18B-4F56-BED4-DA8C747805FF}.Release|Any CPU.Build.0 = Release|Any CPU
	EndGlobalSection
	GlobalSection(SolutionProperties) = preSolution
		HideSolutionNode = FALSE
	EndGlobalSection
	GlobalSection(ExtensibilityGlobals) = postSolution
		SolutionGuid = {8D969548-3389-4DC7-B7A8-6AA7AF5A98D7}
	EndGlobalSection
EndGlobal
